
Microsoft Visual Studio Solution File, Format Version 12.00
# Visual Studio 14
VisualStudioVersion = 14.0.24720.0
MinimumVisualStudioVersion = 10.0.40219.1
Project("{FAE04EC0-301F-11D3-BF4B-00C04F79EFBC}") = "Domain", "Domain\Domain.csproj", "{A5B13880-C1F7-4165-B35F-C71219DC146E}"
EndProject
Project("{FAE04EC0-301F-11D3-BF4B-00C04F79EFBC}") = "Tests", "Tests\Tests.csproj", "{C37CAFAB-47AF-44A9-A208-93C37032F049}"
	ProjectSection(ProjectDependencies) = postProject
		{A5B13880-C1F7-4165-B35F-C71219DC146E} = {A5B13880-C1F7-4165-B35F-C71219DC146E}
<<<<<<< HEAD
		{306F6FB4-9659-4714-AA36-56EA590935C5} = {306F6FB4-9659-4714-AA36-56EA590935C5}
	EndProjectSection
EndProject
Project("{FAE04EC0-301F-11D3-BF4B-00C04F79EFBC}") = "UserAPI", "UserAPI\UserAPI.csproj", "{306F6FB4-9659-4714-AA36-56EA590935C5}"
=======
	EndProjectSection
>>>>>>> developBruno
EndProject
Global
	GlobalSection(SolutionConfigurationPlatforms) = preSolution
		Debug|Any CPU = Debug|Any CPU
		Release|Any CPU = Release|Any CPU
	EndGlobalSection
	GlobalSection(ProjectConfigurationPlatforms) = postSolution
		{A5B13880-C1F7-4165-B35F-C71219DC146E}.Debug|Any CPU.ActiveCfg = Debug|Any CPU
		{A5B13880-C1F7-4165-B35F-C71219DC146E}.Debug|Any CPU.Build.0 = Debug|Any CPU
		{A5B13880-C1F7-4165-B35F-C71219DC146E}.Release|Any CPU.ActiveCfg = Release|Any CPU
		{A5B13880-C1F7-4165-B35F-C71219DC146E}.Release|Any CPU.Build.0 = Release|Any CPU
		{C37CAFAB-47AF-44A9-A208-93C37032F049}.Debug|Any CPU.ActiveCfg = Debug|Any CPU
		{C37CAFAB-47AF-44A9-A208-93C37032F049}.Debug|Any CPU.Build.0 = Debug|Any CPU
		{C37CAFAB-47AF-44A9-A208-93C37032F049}.Release|Any CPU.ActiveCfg = Release|Any CPU
		{C37CAFAB-47AF-44A9-A208-93C37032F049}.Release|Any CPU.Build.0 = Release|Any CPU
		{306F6FB4-9659-4714-AA36-56EA590935C5}.Debug|Any CPU.ActiveCfg = Debug|Any CPU
		{306F6FB4-9659-4714-AA36-56EA590935C5}.Debug|Any CPU.Build.0 = Debug|Any CPU
		{306F6FB4-9659-4714-AA36-56EA590935C5}.Release|Any CPU.ActiveCfg = Release|Any CPU
		{306F6FB4-9659-4714-AA36-56EA590935C5}.Release|Any CPU.Build.0 = Release|Any CPU
	EndGlobalSection
	GlobalSection(SolutionProperties) = preSolution
		HideSolutionNode = FALSE
	EndGlobalSection
EndGlobal
